
Microsoft Visual Studio Solution File, Format Version 12.00
# Visual Studio 15
Project("{FAE04EC0-301F-11D3-BF4B-00C04F79EFBC}") = "UniGLTF", "UniGLTF.csproj", "{A0F980AA-E5BB-DD47-6FB1-A7657EE154E8}"
EndProject
Project("{FAE04EC0-301F-11D3-BF4B-00C04F79EFBC}") = "VRMShaders.GLTF.IO.Runtime", "VRMShaders.GLTF.IO.Runtime.csproj", "{CA5DFDF8-1DEC-F67B-354C-2EC5FDDBF299}"
EndProject
Project("{FAE04EC0-301F-11D3-BF4B-00C04F79EFBC}") = "VRM10", "VRM10.csproj", "{A173D184-FB60-F2BD-268E-793EC05428D5}"
EndProject
Project("{FAE04EC0-301F-11D3-BF4B-00C04F79EFBC}") = "VRMShaders.VRM10.MToon10.Runtime", "VRMShaders.VRM10.MToon10.Runtime.csproj", "{DA057F58-843D-2B75-271F-E05098A6B273}"
EndProject
Project("{FAE04EC0-301F-11D3-BF4B-00C04F79EFBC}") = "Assembly-CSharp", "Assembly-CSharp.csproj", "{1633E429-728B-3672-985D-24610073AC35}"
EndProject
Project("{FAE04EC0-301F-11D3-BF4B-00C04F79EFBC}") = "FastSpringBone10", "FastSpringBone10.csproj", "{D4718E08-D076-AD78-D5EA-5A97FE19FC6D}"
EndProject
Project("{FAE04EC0-301F-11D3-BF4B-00C04F79EFBC}") = "VrmLib", "VrmLib.csproj", "{B92B2155-FD93-1EE5-F889-A8DE06383CF1}"
EndProject
Project("{FAE04EC0-301F-11D3-BF4B-00C04F79EFBC}") = "MToon", "MToon.csproj", "{F54F8ADC-EC7E-BD1E-0CD7-10F71C7723D0}"
EndProject
Project("{FAE04EC0-301F-11D3-BF4B-00C04F79EFBC}") = "VRMShaders.VRM10.Format.Runtime", "VRMShaders.VRM10.Format.Runtime.csproj", "{EF763A7F-FBBB-CB05-6364-AFB1D271DEA5}"
EndProject
Project("{FAE04EC0-301F-11D3-BF4B-00C04F79EFBC}") = "UniHumanoid", "UniHumanoid.csproj", "{AAAC3EC3-9E2B-02E3-C55B-CE38A4AE7722}"
EndProject
Project("{FAE04EC0-301F-11D3-BF4B-00C04F79EFBC}") = "UniGLTF.Utils", "UniGLTF.Utils.csproj", "{F5D7D7F8-7309-F56D-DE86-6EBB09E07692}"
EndProject
Project("{FAE04EC0-301F-11D3-BF4B-00C04F79EFBC}") = "VRMShaders.GLTF.UniUnlit.Runtime", "VRMShaders.GLTF.UniUnlit.Runtime.csproj", "{7C6E3A21-C16E-42EE-6CAB-8E65742F8AD4}"
EndProject
Project("{FAE04EC0-301F-11D3-BF4B-00C04F79EFBC}") = "SimpleRelay", "SimpleRelay.csproj", "{6E4BF7D3-3A0E-CC5C-F2C8-6BE015E6210B}"
EndProject
Project("{FAE04EC0-301F-11D3-BF4B-00C04F79EFBC}") = "VRMShaders.VRM.IO.Runtime", "VRMShaders.VRM.IO.Runtime.csproj", "{33D4424E-0A53-FDAC-E628-70F14CC99587}"
EndProject
Project("{FAE04EC0-301F-11D3-BF4B-00C04F79EFBC}") = "VRMShaders.GLTF.IO.Tests", "VRMShaders.GLTF.IO.Tests.csproj", "{4511995B-8CE9-BE24-AB13-62EFAAA4EBD7}"
EndProject
Project("{FAE04EC0-301F-11D3-BF4B-00C04F79EFBC}") = "UniGLTF.Tests", "UniGLTF.Tests.csproj", "{16BE46F5-A0EA-6B1D-3DB8-DF42767CFD82}"
EndProject
Project("{FAE04EC0-301F-11D3-BF4B-00C04F79EFBC}") = "VRMShaders.GLTF.UniUnlit.Editor", "VRMShaders.GLTF.UniUnlit.Editor.csproj", "{B36F8937-0CAC-B52D-436F-1D3F698AAA05}"
EndProject
Project("{FAE04EC0-301F-11D3-BF4B-00C04F79EFBC}") = "VRM10.Tests", "VRM10.Tests.csproj", "{D39256EE-A8E2-011B-5E3F-38560375CA00}"
EndProject
Project("{FAE04EC0-301F-11D3-BF4B-00C04F79EFBC}") = "VRM10.Editor", "VRM10.Editor.csproj", "{31A48862-A26C-A06A-6711-BABCEB4C73D8}"
EndProject
Project("{FAE04EC0-301F-11D3-BF4B-00C04F79EFBC}") = "UniGLTF.Editor", "UniGLTF.Editor.csproj", "{C548C07E-F00F-0761-AEA4-B6F914ED3D3D}"
EndProject
Project("{FAE04EC0-301F-11D3-BF4B-00C04F79EFBC}") = "Assembly-CSharp-Editor", "Assembly-CSharp-Editor.csproj", "{F3242F45-1563-585B-0F8B-DFA7AA4EE9DF}"
EndProject
Project("{FAE04EC0-301F-11D3-BF4B-00C04F79EFBC}") = "UniHumanoid.Editor", "UniHumanoid.Editor.csproj", "{754B5B2D-40D9-51AF-ADCC-0C25077B0842}"
EndProject
Project("{FAE04EC0-301F-11D3-BF4B-00C04F79EFBC}") = "VRMShaders.VRM10.MToon10.Editor", "VRMShaders.VRM10.MToon10.Editor.csproj", "{0278E694-BC28-6122-069D-7AE51D3DD682}"
EndProject
Project("{FAE04EC0-301F-11D3-BF4B-00C04F79EFBC}") = "VRMShaders.GLTF.IO.Editor", "VRMShaders.GLTF.IO.Editor.csproj", "{024BA67E-F0B2-CE93-DA17-31B4018251A2}"
EndProject
Project("{FAE04EC0-301F-11D3-BF4B-00C04F79EFBC}") = "MToon.Editor", "MToon.Editor.csproj", "{225EB1B8-8B64-4687-5B94-3AFF51A404EB}"
EndProject
Project("{FAE04EC0-301F-11D3-BF4B-00C04F79EFBC}") = "VrmLibTests", "VrmLibTests.csproj", "{3C61931F-395D-A179-3EF8-27222092C77E}"
EndProject
Project("{FAE04EC0-301F-11D3-BF4B-00C04F79EFBC}") = "VRMShaders.VRM10.MToon10.Tests", "VRMShaders.VRM10.MToon10.Tests.csproj", "{5BA097FE-9E7F-4196-1EC1-A03DDD4C7376}"
EndProject
Project("{FAE04EC0-301F-11D3-BF4B-00C04F79EFBC}") = "UniHumanoid.Editor.Tests", "UniHumanoid.Editor.Tests.csproj", "{60EBC0AF-6FDF-04CA-B0E6-84FBA78B2C4B}"
EndProject
Global
	GlobalSection(SolutionConfigurationPlatforms) = preSolution
		Debug|Any CPU = Debug|Any CPU
		Release|Any CPU = Release|Any CPU
	EndGlobalSection
	GlobalSection(ProjectConfigurationPlatforms) = postSolution
		{A0F980AA-E5BB-DD47-6FB1-A7657EE154E8}.Debug|Any CPU.ActiveCfg = Debug|Any CPU
		{A0F980AA-E5BB-DD47-6FB1-A7657EE154E8}.Debug|Any CPU.Build.0 = Debug|Any CPU
		{A0F980AA-E5BB-DD47-6FB1-A7657EE154E8}.Release|Any CPU.ActiveCfg = Release|Any CPU
		{A0F980AA-E5BB-DD47-6FB1-A7657EE154E8}.Release|Any CPU.Build.0 = Release|Any CPU
		{CA5DFDF8-1DEC-F67B-354C-2EC5FDDBF299}.Debug|Any CPU.ActiveCfg = Debug|Any CPU
		{CA5DFDF8-1DEC-F67B-354C-2EC5FDDBF299}.Debug|Any CPU.Build.0 = Debug|Any CPU
		{CA5DFDF8-1DEC-F67B-354C-2EC5FDDBF299}.Release|Any CPU.ActiveCfg = Release|Any CPU
		{CA5DFDF8-1DEC-F67B-354C-2EC5FDDBF299}.Release|Any CPU.Build.0 = Release|Any CPU
		{A173D184-FB60-F2BD-268E-793EC05428D5}.Debug|Any CPU.ActiveCfg = Debug|Any CPU
		{A173D184-FB60-F2BD-268E-793EC05428D5}.Debug|Any CPU.Build.0 = Debug|Any CPU
		{A173D184-FB60-F2BD-268E-793EC05428D5}.Release|Any CPU.ActiveCfg = Release|Any CPU
		{A173D184-FB60-F2BD-268E-793EC05428D5}.Release|Any CPU.Build.0 = Release|Any CPU
		{DA057F58-843D-2B75-271F-E05098A6B273}.Debug|Any CPU.ActiveCfg = Debug|Any CPU
		{DA057F58-843D-2B75-271F-E05098A6B273}.Debug|Any CPU.Build.0 = Debug|Any CPU
		{DA057F58-843D-2B75-271F-E05098A6B273}.Release|Any CPU.ActiveCfg = Release|Any CPU
		{DA057F58-843D-2B75-271F-E05098A6B273}.Release|Any CPU.Build.0 = Release|Any CPU
		{1633E429-728B-3672-985D-24610073AC35}.Debug|Any CPU.ActiveCfg = Debug|Any CPU
		{1633E429-728B-3672-985D-24610073AC35}.Debug|Any CPU.Build.0 = Debug|Any CPU
		{1633E429-728B-3672-985D-24610073AC35}.Release|Any CPU.ActiveCfg = Release|Any CPU
		{1633E429-728B-3672-985D-24610073AC35}.Release|Any CPU.Build.0 = Release|Any CPU
		{D4718E08-D076-AD78-D5EA-5A97FE19FC6D}.Debug|Any CPU.ActiveCfg = Debug|Any CPU
		{D4718E08-D076-AD78-D5EA-5A97FE19FC6D}.Debug|Any CPU.Build.0 = Debug|Any CPU
		{D4718E08-D076-AD78-D5EA-5A97FE19FC6D}.Release|Any CPU.ActiveCfg = Release|Any CPU
		{D4718E08-D076-AD78-D5EA-5A97FE19FC6D}.Release|Any CPU.Build.0 = Release|Any CPU
		{B92B2155-FD93-1EE5-F889-A8DE06383CF1}.Debug|Any CPU.ActiveCfg = Debug|Any CPU
		{B92B2155-FD93-1EE5-F889-A8DE06383CF1}.Debug|Any CPU.Build.0 = Debug|Any CPU
		{B92B2155-FD93-1EE5-F889-A8DE06383CF1}.Release|Any CPU.ActiveCfg = Release|Any CPU
		{B92B2155-FD93-1EE5-F889-A8DE06383CF1}.Release|Any CPU.Build.0 = Release|Any CPU
		{F54F8ADC-EC7E-BD1E-0CD7-10F71C7723D0}.Debug|Any CPU.ActiveCfg = Debug|Any CPU
		{F54F8ADC-EC7E-BD1E-0CD7-10F71C7723D0}.Debug|Any CPU.Build.0 = Debug|Any CPU
		{F54F8ADC-EC7E-BD1E-0CD7-10F71C7723D0}.Release|Any CPU.ActiveCfg = Release|Any CPU
		{F54F8ADC-EC7E-BD1E-0CD7-10F71C7723D0}.Release|Any CPU.Build.0 = Release|Any CPU
		{EF763A7F-FBBB-CB05-6364-AFB1D271DEA5}.Debug|Any CPU.ActiveCfg = Debug|Any CPU
		{EF763A7F-FBBB-CB05-6364-AFB1D271DEA5}.Debug|Any CPU.Build.0 = Debug|Any CPU
		{EF763A7F-FBBB-CB05-6364-AFB1D271DEA5}.Release|Any CPU.ActiveCfg = Release|Any CPU
		{EF763A7F-FBBB-CB05-6364-AFB1D271DEA5}.Release|Any CPU.Build.0 = Release|Any CPU
		{AAAC3EC3-9E2B-02E3-C55B-CE38A4AE7722}.Debug|Any CPU.ActiveCfg = Debug|Any CPU
		{AAAC3EC3-9E2B-02E3-C55B-CE38A4AE7722}.Debug|Any CPU.Build.0 = Debug|Any CPU
		{AAAC3EC3-9E2B-02E3-C55B-CE38A4AE7722}.Release|Any CPU.ActiveCfg = Release|Any CPU
		{AAAC3EC3-9E2B-02E3-C55B-CE38A4AE7722}.Release|Any CPU.Build.0 = Release|Any CPU
		{F5D7D7F8-7309-F56D-DE86-6EBB09E07692}.Debug|Any CPU.ActiveCfg = Debug|Any CPU
		{F5D7D7F8-7309-F56D-DE86-6EBB09E07692}.Debug|Any CPU.Build.0 = Debug|Any CPU
		{F5D7D7F8-7309-F56D-DE86-6EBB09E07692}.Release|Any CPU.ActiveCfg = Release|Any CPU
		{F5D7D7F8-7309-F56D-DE86-6EBB09E07692}.Release|Any CPU.Build.0 = Release|Any CPU
		{7C6E3A21-C16E-42EE-6CAB-8E65742F8AD4}.Debug|Any CPU.ActiveCfg = Debug|Any CPU
		{7C6E3A21-C16E-42EE-6CAB-8E65742F8AD4}.Debug|Any CPU.Build.0 = Debug|Any CPU
		{7C6E3A21-C16E-42EE-6CAB-8E65742F8AD4}.Release|Any CPU.ActiveCfg = Release|Any CPU
		{7C6E3A21-C16E-42EE-6CAB-8E65742F8AD4}.Release|Any CPU.Build.0 = Release|Any CPU
		{6E4BF7D3-3A0E-CC5C-F2C8-6BE015E6210B}.Debug|Any CPU.ActiveCfg = Debug|Any CPU
		{6E4BF7D3-3A0E-CC5C-F2C8-6BE015E6210B}.Debug|Any CPU.Build.0 = Debug|Any CPU
		{6E4BF7D3-3A0E-CC5C-F2C8-6BE015E6210B}.Release|Any CPU.ActiveCfg = Release|Any CPU
		{6E4BF7D3-3A0E-CC5C-F2C8-6BE015E6210B}.Release|Any CPU.Build.0 = Release|Any CPU
		{33D4424E-0A53-FDAC-E628-70F14CC99587}.Debug|Any CPU.ActiveCfg = Debug|Any CPU
		{33D4424E-0A53-FDAC-E628-70F14CC99587}.Debug|Any CPU.Build.0 = Debug|Any CPU
		{33D4424E-0A53-FDAC-E628-70F14CC99587}.Release|Any CPU.ActiveCfg = Release|Any CPU
		{33D4424E-0A53-FDAC-E628-70F14CC99587}.Release|Any CPU.Build.0 = Release|Any CPU
		{4511995B-8CE9-BE24-AB13-62EFAAA4EBD7}.Debug|Any CPU.ActiveCfg = Debug|Any CPU
		{4511995B-8CE9-BE24-AB13-62EFAAA4EBD7}.Debug|Any CPU.Build.0 = Debug|Any CPU
		{4511995B-8CE9-BE24-AB13-62EFAAA4EBD7}.Release|Any CPU.ActiveCfg = Release|Any CPU
		{4511995B-8CE9-BE24-AB13-62EFAAA4EBD7}.Release|Any CPU.Build.0 = Release|Any CPU
		{16BE46F5-A0EA-6B1D-3DB8-DF42767CFD82}.Debug|Any CPU.ActiveCfg = Debug|Any CPU
		{16BE46F5-A0EA-6B1D-3DB8-DF42767CFD82}.Debug|Any CPU.Build.0 = Debug|Any CPU
		{16BE46F5-A0EA-6B1D-3DB8-DF42767CFD82}.Release|Any CPU.ActiveCfg = Release|Any CPU
		{16BE46F5-A0EA-6B1D-3DB8-DF42767CFD82}.Release|Any CPU.Build.0 = Release|Any CPU
		{B36F8937-0CAC-B52D-436F-1D3F698AAA05}.Debug|Any CPU.ActiveCfg = Debug|Any CPU
		{B36F8937-0CAC-B52D-436F-1D3F698AAA05}.Debug|Any CPU.Build.0 = Debug|Any CPU
		{B36F8937-0CAC-B52D-436F-1D3F698AAA05}.Release|Any CPU.ActiveCfg = Release|Any CPU
		{B36F8937-0CAC-B52D-436F-1D3F698AAA05}.Release|Any CPU.Build.0 = Release|Any CPU
		{D39256EE-A8E2-011B-5E3F-38560375CA00}.Debug|Any CPU.ActiveCfg = Debug|Any CPU
		{D39256EE-A8E2-011B-5E3F-38560375CA00}.Debug|Any CPU.Build.0 = Debug|Any CPU
		{D39256EE-A8E2-011B-5E3F-38560375CA00}.Release|Any CPU.ActiveCfg = Release|Any CPU
		{D39256EE-A8E2-011B-5E3F-38560375CA00}.Release|Any CPU.Build.0 = Release|Any CPU
		{31A48862-A26C-A06A-6711-BABCEB4C73D8}.Debug|Any CPU.ActiveCfg = Debug|Any CPU
		{31A48862-A26C-A06A-6711-BABCEB4C73D8}.Debug|Any CPU.Build.0 = Debug|Any CPU
		{31A48862-A26C-A06A-6711-BABCEB4C73D8}.Release|Any CPU.ActiveCfg = Release|Any CPU
		{31A48862-A26C-A06A-6711-BABCEB4C73D8}.Release|Any CPU.Build.0 = Release|Any CPU
		{C548C07E-F00F-0761-AEA4-B6F914ED3D3D}.Debug|Any CPU.ActiveCfg = Debug|Any CPU
		{C548C07E-F00F-0761-AEA4-B6F914ED3D3D}.Debug|Any CPU.Build.0 = Debug|Any CPU
		{C548C07E-F00F-0761-AEA4-B6F914ED3D3D}.Release|Any CPU.ActiveCfg = Release|Any CPU
		{C548C07E-F00F-0761-AEA4-B6F914ED3D3D}.Release|Any CPU.Build.0 = Release|Any CPU
		{F3242F45-1563-585B-0F8B-DFA7AA4EE9DF}.Debug|Any CPU.ActiveCfg = Debug|Any CPU
		{F3242F45-1563-585B-0F8B-DFA7AA4EE9DF}.Debug|Any CPU.Build.0 = Debug|Any CPU
		{F3242F45-1563-585B-0F8B-DFA7AA4EE9DF}.Release|Any CPU.ActiveCfg = Release|Any CPU
		{F3242F45-1563-585B-0F8B-DFA7AA4EE9DF}.Release|Any CPU.Build.0 = Release|Any CPU
		{754B5B2D-40D9-51AF-ADCC-0C25077B0842}.Debug|Any CPU.ActiveCfg = Debug|Any CPU
		{754B5B2D-40D9-51AF-ADCC-0C25077B0842}.Debug|Any CPU.Build.0 = Debug|Any CPU
		{754B5B2D-40D9-51AF-ADCC-0C25077B0842}.Release|Any CPU.ActiveCfg = Release|Any CPU
		{754B5B2D-40D9-51AF-ADCC-0C25077B0842}.Release|Any CPU.Build.0 = Release|Any CPU
		{0278E694-BC28-6122-069D-7AE51D3DD682}.Debug|Any CPU.ActiveCfg = Debug|Any CPU
		{0278E694-BC28-6122-069D-7AE51D3DD682}.Debug|Any CPU.Build.0 = Debug|Any CPU
		{0278E694-BC28-6122-069D-7AE51D3DD682}.Release|Any CPU.ActiveCfg = Release|Any CPU
		{0278E694-BC28-6122-069D-7AE51D3DD682}.Release|Any CPU.Build.0 = Release|Any CPU
		{024BA67E-F0B2-CE93-DA17-31B4018251A2}.Debug|Any CPU.ActiveCfg = Debug|Any CPU
		{024BA67E-F0B2-CE93-DA17-31B4018251A2}.Debug|Any CPU.Build.0 = Debug|Any CPU
		{024BA67E-F0B2-CE93-DA17-31B4018251A2}.Release|Any CPU.ActiveCfg = Release|Any CPU
		{024BA67E-F0B2-CE93-DA17-31B4018251A2}.Release|Any CPU.Build.0 = Release|Any CPU
		{225EB1B8-8B64-4687-5B94-3AFF51A404EB}.Debug|Any CPU.ActiveCfg = Debug|Any CPU
		{225EB1B8-8B64-4687-5B94-3AFF51A404EB}.Debug|Any CPU.Build.0 = Debug|Any CPU
		{225EB1B8-8B64-4687-5B94-3AFF51A404EB}.Release|Any CPU.ActiveCfg = Release|Any CPU
		{225EB1B8-8B64-4687-5B94-3AFF51A404EB}.Release|Any CPU.Build.0 = Release|Any CPU
		{3C61931F-395D-A179-3EF8-27222092C77E}.Debug|Any CPU.ActiveCfg = Debug|Any CPU
		{3C61931F-395D-A179-3EF8-27222092C77E}.Debug|Any CPU.Build.0 = Debug|Any CPU
		{3C61931F-395D-A179-3EF8-27222092C77E}.Release|Any CPU.ActiveCfg = Release|Any CPU
		{3C61931F-395D-A179-3EF8-27222092C77E}.Release|Any CPU.Build.0 = Release|Any CPU
		{5BA097FE-9E7F-4196-1EC1-A03DDD4C7376}.Debug|Any CPU.ActiveCfg = Debug|Any CPU
		{5BA097FE-9E7F-4196-1EC1-A03DDD4C7376}.Debug|Any CPU.Build.0 = Debug|Any CPU
		{5BA097FE-9E7F-4196-1EC1-A03DDD4C7376}.Release|Any CPU.ActiveCfg = Release|Any CPU
		{5BA097FE-9E7F-4196-1EC1-A03DDD4C7376}.Release|Any CPU.Build.0 = Release|Any CPU
		{60EBC0AF-6FDF-04CA-B0E6-84FBA78B2C4B}.Debug|Any CPU.ActiveCfg = Debug|Any CPU
		{60EBC0AF-6FDF-04CA-B0E6-84FBA78B2C4B}.Debug|Any CPU.Build.0 = Debug|Any CPU
		{60EBC0AF-6FDF-04CA-B0E6-84FBA78B2C4B}.Release|Any CPU.ActiveCfg = Release|Any CPU
		{60EBC0AF-6FDF-04CA-B0E6-84FBA78B2C4B}.Release|Any CPU.Build.0 = Release|Any CPU
	EndGlobalSection
	GlobalSection(SolutionProperties) = preSolution
		HideSolutionNode = FALSE
	EndGlobalSection
EndGlobal
